
Microsoft Visual Studio Solution File, Format Version 12.00
# Visual Studio 15
Project("{FAE04EC0-301F-11D3-BF4B-00C04F79EFBC}") = "Assembly-CSharp", "Assembly-CSharp.csproj", "{64644A48-EB34-F8AD-8835-C46A8686EDC2}"
EndProject
Project("{FAE04EC0-301F-11D3-BF4B-00C04F79EFBC}") = "SimpleWebTransport", "SimpleWebTransport.csproj", "{E617B4B1-9401-4366-FA40-0ED07F0228B9}"
EndProject
Project("{FAE04EC0-301F-11D3-BF4B-00C04F79EFBC}") = "Mirror", "Mirror.csproj", "{52EDDEEB-9EAD-94FD-BA2B-8C35FED2F1A9}"
EndProject
Project("{FAE04EC0-301F-11D3-BF4B-00C04F79EFBC}") = "Mirror.Examples", "Mirror.Examples.csproj", "{A89D3563-8D4F-6EFB-4264-00363F052E1A}"
EndProject
Project("{FAE04EC0-301F-11D3-BF4B-00C04F79EFBC}") = "Mirror.Components", "Mirror.Components.csproj", "{799A569D-E1FB-0ADE-3C15-053848074ABB}"
EndProject
Project("{FAE04EC0-301F-11D3-BF4B-00C04F79EFBC}") = "kcp2k", "kcp2k.csproj", "{737937C4-EAE0-8A59-D60D-D1BC8F87301C}"
EndProject
Project("{FAE04EC0-301F-11D3-BF4B-00C04F79EFBC}") = "Telepathy", "Telepathy.csproj", "{AAC3CD1C-1A9F-926C-F8EF-8849103D57BD}"
EndProject
Project("{FAE04EC0-301F-11D3-BF4B-00C04F79EFBC}") = "where-allocations", "where-allocations.csproj", "{849CD226-0B54-C7F6-1DF2-94FD4272E27F}"
EndProject
Project("{FAE04EC0-301F-11D3-BF4B-00C04F79EFBC}") = "Mirror.Authenticators", "Mirror.Authenticators.csproj", "{B010E29B-510D-E49E-DB30-BD8E21081343}"
EndProject
Project("{FAE04EC0-301F-11D3-BF4B-00C04F79EFBC}") = "Mirror.Editor", "Mirror.Editor.csproj", "{F5EBE623-F9F7-605C-150E-4018E2387BE5}"
EndProject
Project("{FAE04EC0-301F-11D3-BF4B-00C04F79EFBC}") = "Unity.Mirror.CodeGen", "Unity.Mirror.CodeGen.csproj", "{0FB448F8-C6F6-E940-F168-D420161CCBCE}"
EndProject
Project("{FAE04EC0-301F-11D3-BF4B-00C04F79EFBC}") = "Mirror.CompilerSymbols", "Mirror.CompilerSymbols.csproj", "{A25D2F8F-D780-43A8-A4A9-6F771E081648}"
EndProject
Global
	GlobalSection(SolutionConfigurationPlatforms) = preSolution
		Debug|Any CPU = Debug|Any CPU
		Release|Any CPU = Release|Any CPU
	EndGlobalSection
	GlobalSection(ProjectConfigurationPlatforms) = postSolution
		{64644A48-EB34-F8AD-8835-C46A8686EDC2}.Debug|Any CPU.ActiveCfg = Debug|Any CPU
		{64644A48-EB34-F8AD-8835-C46A8686EDC2}.Debug|Any CPU.Build.0 = Debug|Any CPU
		{64644A48-EB34-F8AD-8835-C46A8686EDC2}.Release|Any CPU.ActiveCfg = Release|Any CPU
		{64644A48-EB34-F8AD-8835-C46A8686EDC2}.Release|Any CPU.Build.0 = Release|Any CPU
		{E617B4B1-9401-4366-FA40-0ED07F0228B9}.Debug|Any CPU.ActiveCfg = Debug|Any CPU
		{E617B4B1-9401-4366-FA40-0ED07F0228B9}.Debug|Any CPU.Build.0 = Debug|Any CPU
		{E617B4B1-9401-4366-FA40-0ED07F0228B9}.Release|Any CPU.ActiveCfg = Release|Any CPU
		{E617B4B1-9401-4366-FA40-0ED07F0228B9}.Release|Any CPU.Build.0 = Release|Any CPU
		{52EDDEEB-9EAD-94FD-BA2B-8C35FED2F1A9}.Debug|Any CPU.ActiveCfg = Debug|Any CPU
		{52EDDEEB-9EAD-94FD-BA2B-8C35FED2F1A9}.Debug|Any CPU.Build.0 = Debug|Any CPU
		{52EDDEEB-9EAD-94FD-BA2B-8C35FED2F1A9}.Release|Any CPU.ActiveCfg = Release|Any CPU
		{52EDDEEB-9EAD-94FD-BA2B-8C35FED2F1A9}.Release|Any CPU.Build.0 = Release|Any CPU
		{A89D3563-8D4F-6EFB-4264-00363F052E1A}.Debug|Any CPU.ActiveCfg = Debug|Any CPU
		{A89D3563-8D4F-6EFB-4264-00363F052E1A}.Debug|Any CPU.Build.0 = Debug|Any CPU
		{A89D3563-8D4F-6EFB-4264-00363F052E1A}.Release|Any CPU.ActiveCfg = Release|Any CPU
		{A89D3563-8D4F-6EFB-4264-00363F052E1A}.Release|Any CPU.Build.0 = Release|Any CPU
		{799A569D-E1FB-0ADE-3C15-053848074ABB}.Debug|Any CPU.ActiveCfg = Debug|Any CPU
		{799A569D-E1FB-0ADE-3C15-053848074ABB}.Debug|Any CPU.Build.0 = Debug|Any CPU
		{799A569D-E1FB-0ADE-3C15-053848074ABB}.Release|Any CPU.ActiveCfg = Release|Any CPU
		{799A569D-E1FB-0ADE-3C15-053848074ABB}.Release|Any CPU.Build.0 = Release|Any CPU
		{737937C4-EAE0-8A59-D60D-D1BC8F87301C}.Debug|Any CPU.ActiveCfg = Debug|Any CPU
		{737937C4-EAE0-8A59-D60D-D1BC8F87301C}.Debug|Any CPU.Build.0 = Debug|Any CPU
		{737937C4-EAE0-8A59-D60D-D1BC8F87301C}.Release|Any CPU.ActiveCfg = Release|Any CPU
		{737937C4-EAE0-8A59-D60D-D1BC8F87301C}.Release|Any CPU.Build.0 = Release|Any CPU
		{AAC3CD1C-1A9F-926C-F8EF-8849103D57BD}.Debug|Any CPU.ActiveCfg = Debug|Any CPU
		{AAC3CD1C-1A9F-926C-F8EF-8849103D57BD}.Debug|Any CPU.Build.0 = Debug|Any CPU
		{AAC3CD1C-1A9F-926C-F8EF-8849103D57BD}.Release|Any CPU.ActiveCfg = Release|Any CPU
		{AAC3CD1C-1A9F-926C-F8EF-8849103D57BD}.Release|Any CPU.Build.0 = Release|Any CPU
		{849CD226-0B54-C7F6-1DF2-94FD4272E27F}.Debug|Any CPU.ActiveCfg = Debug|Any CPU
		{849CD226-0B54-C7F6-1DF2-94FD4272E27F}.Debug|Any CPU.Build.0 = Debug|Any CPU
		{849CD226-0B54-C7F6-1DF2-94FD4272E27F}.Release|Any CPU.ActiveCfg = Release|Any CPU
		{849CD226-0B54-C7F6-1DF2-94FD4272E27F}.Release|Any CPU.Build.0 = Release|Any CPU
		{B010E29B-510D-E49E-DB30-BD8E21081343}.Debug|Any CPU.ActiveCfg = Debug|Any CPU
		{B010E29B-510D-E49E-DB30-BD8E21081343}.Debug|Any CPU.Build.0 = Debug|Any CPU
		{B010E29B-510D-E49E-DB30-BD8E21081343}.Release|Any CPU.ActiveCfg = Release|Any CPU
		{B010E29B-510D-E49E-DB30-BD8E21081343}.Release|Any CPU.Build.0 = Release|Any CPU
		{F5EBE623-F9F7-605C-150E-4018E2387BE5}.Debug|Any CPU.ActiveCfg = Debug|Any CPU
		{F5EBE623-F9F7-605C-150E-4018E2387BE5}.Debug|Any CPU.Build.0 = Debug|Any CPU
		{F5EBE623-F9F7-605C-150E-4018E2387BE5}.Release|Any CPU.ActiveCfg = Release|Any CPU
		{F5EBE623-F9F7-605C-150E-4018E2387BE5}.Release|Any CPU.Build.0 = Release|Any CPU
		{0FB448F8-C6F6-E940-F168-D420161CCBCE}.Debug|Any CPU.ActiveCfg = Debug|Any CPU
		{0FB448F8-C6F6-E940-F168-D420161CCBCE}.Debug|Any CPU.Build.0 = Debug|Any CPU
		{0FB448F8-C6F6-E940-F168-D420161CCBCE}.Release|Any CPU.ActiveCfg = Release|Any CPU
		{0FB448F8-C6F6-E940-F168-D420161CCBCE}.Release|Any CPU.Build.0 = Release|Any CPU
		{A25D2F8F-D780-43A8-A4A9-6F771E081648}.Debug|Any CPU.ActiveCfg = Debug|Any CPU
		{A25D2F8F-D780-43A8-A4A9-6F771E081648}.Debug|Any CPU.Build.0 = Debug|Any CPU
		{A25D2F8F-D780-43A8-A4A9-6F771E081648}.Release|Any CPU.ActiveCfg = Release|Any CPU
		{A25D2F8F-D780-43A8-A4A9-6F771E081648}.Release|Any CPU.Build.0 = Release|Any CPU
	EndGlobalSection
	GlobalSection(SolutionProperties) = preSolution
		HideSolutionNode = FALSE
	EndGlobalSection
EndGlobal
